<?xml version="1.0" encoding="utf-8"?>
<Project ToolsVersion="4.0" xmlns="http://schemas.microsoft.com/developer/msbuild/2003">
  <ItemGroup>
    <Filter Include="Source Files">
      <UniqueIdentifier>{4FC737F1-C7A5-4376-A066-2A32D752A2FF}</UniqueIdentifier>
      <Extensions>cpp;c;cc;cxx;def;odl;idl;hpj;bat;asm;asmx</Extensions>
    </Filter>
    <Filter Include="Header Files">
      <UniqueIdentifier>{93995380-89BD-4b04-88EB-625FBE52EBFB}</UniqueIdentifier>
      <Extensions>h;hh;hpp;hxx;hm;inl;inc;xsd</Extensions>
    </Filter>
    <Filter Include="Resource Files">
      <UniqueIdentifier>{67DA6AB6-F800-4c08-8B7A-83BB121AAD01}</UniqueIdentifier>
      <Extensions>rc;ico;cur;bmp;dlg;rc2;rct;bin;rgs;gif;jpg;jpeg;jpe;resx;tiff;tif;png;wav</Extensions>
    </Filter>
  </ItemGroup>
  <ItemGroup>
    <ClCompile Include="client.cpp">
      <Filter>Source Files</Filter>
    </ClCompile>
    <ClCompile Include="generalQuery.cpp">
      <Filter>Source Files</Filter>
    </ClCompile>
    <ClCompile Include="main.cpp">
      <Filter>Source Files</Filter>
    </ClCompile>
    <ClCompile Include="manageToMaster.cpp">
      <Filter>Source Files</Filter>
    </ClCompile>
    <ClCompile Include="partitionToQuery.cpp">
      <Filter>Source Files</Filter>
    </ClCompile>
    <ClCompile Include="planTree.cpp">
      <Filter>Source Files</Filter>
    </ClCompile>
    <ClCompile Include="subQuery.cpp">
      <Filter>Source Files</Filter>
    </ClCompile>
    <ClCompile Include="webAPI.cpp">
      <Filter>Source Files</Filter>
    </ClCompile>
    <ClCompile Include="gan\Client.cpp">
      <Filter>Source Files</Filter>
    </ClCompile>
    <ClCompile Include="gan\EntityIDBuffer.cpp">
      <Filter>Source Files</Filter>
    </ClCompile>
    <ClCompile Include="gan\Master.cpp">
      <Filter>Source Files</Filter>
    </ClCompile>
    <ClCompile Include="gan\MemoryBuffer.cpp">
      <Filter>Source Files</Filter>
    </ClCompile>
    <ClCompile Include="gan\MessageEngine.cpp">
      <Filter>Source Files</Filter>
    </ClCompile>
    <ClCompile Include="gan\MMapBuffer.cpp">
      <Filter>Source Files</Filter>
    </ClCompile>
    <ClCompile Include="gan\ObjectPool.cpp">
      <Filter>Source Files</Filter>
    </ClCompile>
    <ClCompile Include="gan\OSFile.cpp">
      <Filter>Source Files</Filter>
    </ClCompile>
    <ClCompile Include="gan\PredicateTable.cpp">
      <Filter>Source Files</Filter>
    </ClCompile>
    <ClCompile Include="gan\Sorter.cpp">
      <Filter>Source Files</Filter>
    </ClCompile>
    <ClCompile Include="gan\SPARQLLexer.cpp">
      <Filter>Source Files</Filter>
    </ClCompile>
    <ClCompile Include="gan\SPARQLParser.cpp">
      <Filter>Source Files</Filter>
    </ClCompile>
    <ClCompile Include="gan\StatisticsBuffer.cpp">
      <Filter>Source Files</Filter>
    </ClCompile>
    <ClCompile Include="gan\StringIDSegment.cpp">
      <Filter>Source Files</Filter>
    </ClCompile>
    <ClCompile Include="gan\TempFile.cpp">
      <Filter>Source Files</Filter>
    </ClCompile>
    <ClCompile Include="gan\ThreadPool.cpp">
      <Filter>Source Files</Filter>
    </ClCompile>
    <ClCompile Include="gan\TripleBitBuilder.cpp">
      <Filter>Source Files</Filter>
    </ClCompile>
    <ClCompile Include="gan\TurtleParser.cpp">
      <Filter>Source Files</Filter>
    </ClCompile>
    <ClCompile Include="gan\URITable.cpp">
      <Filter>Source Files</Filter>
    </ClCompile>
  </ItemGroup>
  <ItemGroup>
    <ClInclude Include="client.hpp">
      <Filter>Header Files</Filter>
    </ClInclude>
    <ClInclude Include="generalQuery.hpp">
      <Filter>Header Files</Filter>
    </ClInclude>
    <ClInclude Include="manageToMaster.hpp">
      <Filter>Header Files</Filter>
    </ClInclude>
    <ClInclude Include="partitionToQuery.hpp">
      <Filter>Header Files</Filter>
    </ClInclude>
    <ClInclude Include="planTree.hpp">
      <Filter>Header Files</Filter>
    </ClInclude>
    <ClInclude Include="subQuery.hpp">
      <Filter>Header Files</Filter>
    </ClInclude>
    <ClInclude Include="webAPI.hpp">
      <Filter>Header Files</Filter>
    </ClInclude>
    <ClInclude Include="gan\Client.h">
      <Filter>Header Files</Filter>
    </ClInclude>
    <ClInclude Include="gan\EntityIDBuffer.h">
      <Filter>Header Files</Filter>
    </ClInclude>
    <ClInclude Include="gan\Hash.h">
      <Filter>Header Files</Filter>
    </ClInclude>
    <ClInclude Include="gan\Master.h">
      <Filter>Header Files</Filter>
    </ClInclude>
    <ClInclude Include="gan\MemoryBuffer.h">
      <Filter>Header Files</Filter>
    </ClInclude>
    <ClInclude Include="gan\MessageEngine.h">
      <Filter>Header Files</Filter>
    </ClInclude>
    <ClInclude Include="gan\MMapBuffer.h">
      <Filter>Header Files</Filter>
    </ClInclude>
    <ClInclude Include="gan\ObjectPool.h">
      <Filter>Header Files</Filter>
    </ClInclude>
    <ClInclude Include="gan\OSFile.h">
      <Filter>Header Files</Filter>
    </ClInclude>
    <ClInclude Include="gan\PredicateTable.h">
      <Filter>Header Files</Filter>
    </ClInclude>
    <ClInclude Include="gan\Sorter.h">
      <Filter>Header Files</Filter>
    </ClInclude>
    <ClInclude Include="gan\SPARQLLexer.h">
      <Filter>Header Files</Filter>
    </ClInclude>
    <ClInclude Include="gan\SPARQLParser.h">
      <Filter>Header Files</Filter>
    </ClInclude>
    <ClInclude Include="gan\StatisticsBuffer.h">
      <Filter>Header Files</Filter>
    </ClInclude>
    <ClInclude Include="gan\StringIDSegment.h">
      <Filter>Header Files</Filter>
    </ClInclude>
    <ClInclude Include="gan\TempFile.h">
      <Filter>Header Files</Filter>
    </ClInclude>
    <ClInclude Include="gan\ThreadPool.h">
      <Filter>Header Files</Filter>
    </ClInclude>
    <ClInclude Include="gan\TripleBit.h">
      <Filter>Header Files</Filter>
    </ClInclude>
    <ClInclude Include="gan\TripleBitBuilder.h">
      <Filter>Header Files</Filter>
    </ClInclude>
    <ClInclude Include="gan\URITable.h">
      <Filter>Header Files</Filter>
    </ClInclude>
    <ClInclude Include="gan\TurtleParser.hpp">
      <Filter>Header Files</Filter>
    </ClInclude>
  </ItemGroup>
</Project>